
Microsoft Visual Studio Solution File, Format Version 11.00
# Visual Studio 2010
Project("{FAE04EC0-301F-11D3-BF4B-00C04F79EFBC}") = "Term Project", "Assembly-CSharp.csproj", "{9E426BEF-5458-92E6-751E-3475A0FF53DC}"
EndProject
Global
	GlobalSection(SolutionConfigurationPlatforms) = preSolution
		Debug|Any CPU = Debug|Any CPU
		Release|Any CPU = Release|Any CPU
	EndGlobalSection
	GlobalSection(ProjectConfigurationPlatforms) = postSolution
		{9E426BEF-5458-92E6-751E-3475A0FF53DC}.Debug|Any CPU.ActiveCfg = Debug|Any CPU
		{9E426BEF-5458-92E6-751E-3475A0FF53DC}.Debug|Any CPU.Build.0 = Debug|Any CPU
		{9E426BEF-5458-92E6-751E-3475A0FF53DC}.Release|Any CPU.ActiveCfg = Release|Any CPU
		{9E426BEF-5458-92E6-751E-3475A0FF53DC}.Release|Any CPU.Build.0 = Release|Any CPU
	EndGlobalSection
	GlobalSection(SolutionProperties) = preSolution
		HideSolutionNode = FALSE
	EndGlobalSection
	GlobalSection(MonoDevelopProperties) = preSolution
		StartupItem = Assembly-CSharp.csproj
	EndGlobalSection
EndGlobal
